
Microsoft Visual Studio Solution File, Format Version 12.00
# Visual Studio 15
VisualStudioVersion = 15.0.27703.2042
MinimumVisualStudioVersion = 10.0.40219.1
Project("{9A19103F-16F7-4668-BE54-9A1E7A4F7556}") = "Miki.Cache", "Miki.Cache\Miki.Cache.csproj", "{FE2DE427-8936-4EBA-B9CA-90911FAC51D8}"
EndProject
Project("{9A19103F-16F7-4668-BE54-9A1E7A4F7556}") = "Miki.Cache.StackExchange.Redis", "Miki.Cache.StackExchange.Redis\Miki.Cache.StackExchange.Redis.csproj", "{FFC7574A-A5D0-47C8-9945-BDC051EC0B82}"
EndProject
Project("{9A19103F-16F7-4668-BE54-9A1E7A4F7556}") = "Miki.Cache.InMemory", "Miki.Cache.InMemory\Miki.Cache.InMemory.csproj", "{81774906-0801-4B48-8066-42B6980182D9}"
EndProject
Project("{FAE04EC0-301F-11D3-BF4B-00C04F79EFBC}") = "Miki.Cache.Tests", "Miki.Cache.Tests\Miki.Cache.Tests.csproj", "{D7F26723-E871-4459-93C0-A745F3C13E92}"
EndProject
Global
	GlobalSection(SolutionConfigurationPlatforms) = preSolution
		Debug|Any CPU = Debug|Any CPU
		Release|Any CPU = Release|Any CPU
	EndGlobalSection
	GlobalSection(ProjectConfigurationPlatforms) = postSolution
		{FE2DE427-8936-4EBA-B9CA-90911FAC51D8}.Debug|Any CPU.ActiveCfg = Debug|Any CPU
		{FE2DE427-8936-4EBA-B9CA-90911FAC51D8}.Debug|Any CPU.Build.0 = Debug|Any CPU
		{FE2DE427-8936-4EBA-B9CA-90911FAC51D8}.Release|Any CPU.ActiveCfg = Release|Any CPU
		{FE2DE427-8936-4EBA-B9CA-90911FAC51D8}.Release|Any CPU.Build.0 = Release|Any CPU
		{FFC7574A-A5D0-47C8-9945-BDC051EC0B82}.Debug|Any CPU.ActiveCfg = Debug|Any CPU
		{FFC7574A-A5D0-47C8-9945-BDC051EC0B82}.Debug|Any CPU.Build.0 = Debug|Any CPU
		{FFC7574A-A5D0-47C8-9945-BDC051EC0B82}.Release|Any CPU.ActiveCfg = Release|Any CPU
		{FFC7574A-A5D0-47C8-9945-BDC051EC0B82}.Release|Any CPU.Build.0 = Release|Any CPU
		{81774906-0801-4B48-8066-42B6980182D9}.Debug|Any CPU.ActiveCfg = Debug|Any CPU
		{81774906-0801-4B48-8066-42B6980182D9}.Debug|Any CPU.Build.0 = Debug|Any CPU
		{81774906-0801-4B48-8066-42B6980182D9}.Release|Any CPU.ActiveCfg = Release|Any CPU
		{81774906-0801-4B48-8066-42B6980182D9}.Release|Any CPU.Build.0 = Release|Any CPU
		{D7F26723-E871-4459-93C0-A745F3C13E92}.Debug|Any CPU.ActiveCfg = Debug|Any CPU
		{D7F26723-E871-4459-93C0-A745F3C13E92}.Debug|Any CPU.Build.0 = Debug|Any CPU
		{D7F26723-E871-4459-93C0-A745F3C13E92}.Release|Any CPU.ActiveCfg = Release|Any CPU
		{D7F26723-E871-4459-93C0-A745F3C13E92}.Release|Any CPU.Build.0 = Release|Any CPU
	EndGlobalSection
	GlobalSection(SolutionProperties) = preSolution
		HideSolutionNode = FALSE
	EndGlobalSection
	GlobalSection(ExtensibilityGlobals) = postSolution
		SolutionGuid = {ABF71467-A03E-498C-B552-6D9CA6150978}
	EndGlobalSection
EndGlobal
